
Microsoft Visual Studio Solution File, Format Version 12.00
# Visual Studio 15
VisualStudioVersion = 15.0.28307.852
MinimumVisualStudioVersion = 10.0.40219.1
Project("{FAE04EC0-301F-11D3-BF4B-00C04F79EFBC}") = "homemedkit_server", "homemedkit_server\homemedkit_server.csproj", "{36931EAC-232D-4A5D-8483-BD76D5A47FBC}"
EndProject
Global
	GlobalSection(SolutionConfigurationPlatforms) = preSolution
		Debug|Any CPU = Debug|Any CPU
		Release|Any CPU = Release|Any CPU
	EndGlobalSection
	GlobalSection(ProjectConfigurationPlatforms) = postSolution
		{36931EAC-232D-4A5D-8483-BD76D5A47FBC}.Debug|Any CPU.ActiveCfg = Debug|Any CPU
		{36931EAC-232D-4A5D-8483-BD76D5A47FBC}.Debug|Any CPU.Build.0 = Debug|Any CPU
		{36931EAC-232D-4A5D-8483-BD76D5A47FBC}.Release|Any CPU.ActiveCfg = Release|Any CPU
		{36931EAC-232D-4A5D-8483-BD76D5A47FBC}.Release|Any CPU.Build.0 = Release|Any CPU
	EndGlobalSection
	GlobalSection(SolutionProperties) = preSolution
		HideSolutionNode = FALSE
	EndGlobalSection
	GlobalSection(ExtensibilityGlobals) = postSolution
		SolutionGuid = {A2EEF491-3EC0-4B65-A2DA-F61EA9A3F32C}
	EndGlobalSection
EndGlobal
